// !$*UTF8*$!
{
	archiveVersion = 1;
	classes = {
	};
	objectVersion = 46;
	objects = {

/* Begin PBXBuildFile section */
		B0031C5A1ACA6B4D008C1056 /* AttendeesViewController.m in Sources */ = {isa = PBXBuildFile; fileRef = B0031C581ACA6B4D008C1056 /* AttendeesViewController.m */; };
		B0031C5B1ACA6B4D008C1056 /* AttendeesViewController.xib in Resources */ = {isa = PBXBuildFile; fileRef = B0031C591ACA6B4D008C1056 /* AttendeesViewController.xib */; };
		B0031C5D1ACA7869008C1056 /* Attendee.json in Resources */ = {isa = PBXBuildFile; fileRef = B0031C5C1ACA7869008C1056 /* Attendee.json */; };
		B0031C601ACA7A0F008C1056 /* AttendeeModel.m in Sources */ = {isa = PBXBuildFile; fileRef = B0031C5F1ACA7A0F008C1056 /* AttendeeModel.m */; };
		B0031C631ACA9101008C1056 /* AttendeeDAO.m in Sources */ = {isa = PBXBuildFile; fileRef = B0031C621ACA9101008C1056 /* AttendeeDAO.m */; };
		B0031C671ACA96AF008C1056 /* AttendeeTableViewCell.m in Sources */ = {isa = PBXBuildFile; fileRef = B0031C651ACA96AF008C1056 /* AttendeeTableViewCell.m */; };
		B0031C681ACA96AF008C1056 /* AttendeeTableViewCell.xib in Resources */ = {isa = PBXBuildFile; fileRef = B0031C661ACA96AF008C1056 /* AttendeeTableViewCell.xib */; };
		B0031C6B1ACA98DB008C1056 /* mail.png in Resources */ = {isa = PBXBuildFile; fileRef = B0031C6A1ACA98DB008C1056 /* mail.png */; };
		B0031CDD1ACADB1B008C1056 /* BreakoutsViewController.m in Sources */ = {isa = PBXBuildFile; fileRef = B0031CDB1ACADB1B008C1056 /* BreakoutsViewController.m */; };
		B0031CDE1ACADB1B008C1056 /* BreakoutsViewController.xib in Resources */ = {isa = PBXBuildFile; fileRef = B0031CDC1ACADB1B008C1056 /* BreakoutsViewController.xib */; };
		B0031CE01ACADCE3008C1056 /* Breakout.json in Resources */ = {isa = PBXBuildFile; fileRef = B0031CDF1ACADCE3008C1056 /* Breakout.json */; };
		B0031CE41ACADD1F008C1056 /* BreakoutTableViewCell.m in Sources */ = {isa = PBXBuildFile; fileRef = B0031CE21ACADD1F008C1056 /* BreakoutTableViewCell.m */; };
		B0031CE51ACADD20008C1056 /* BreakoutTableViewCell.xib in Resources */ = {isa = PBXBuildFile; fileRef = B0031CE31ACADD1F008C1056 /* BreakoutTableViewCell.xib */; };
		B0031CE81ACAEA63008C1056 /* hexagon.png in Resources */ = {isa = PBXBuildFile; fileRef = B0031CE71ACAEA63008C1056 /* hexagon.png */; };
		B0031CEB1ACAED94008C1056 /* BreakoutModel.m in Sources */ = {isa = PBXBuildFile; fileRef = B0031CEA1ACAED94008C1056 /* BreakoutModel.m */; };
		B0031CEE1ACAEDA0008C1056 /* BreakoutDAO.m in Sources */ = {isa = PBXBuildFile; fileRef = B0031CED1ACAEDA0008C1056 /* BreakoutDAO.m */; };
		B0031CF21ACAFC1E008C1056 /* DateModel.m in Sources */ = {isa = PBXBuildFile; fileRef = B0031CF11ACAFC1E008C1056 /* DateModel.m */; };
		B0031CF71ACBB1D8008C1056 /* BreakoutDetailsViewController.m in Sources */ = {isa = PBXBuildFile; fileRef = B0031CF51ACBB1D8008C1056 /* BreakoutDetailsViewController.m */; };
		B0031CF81ACBB1D8008C1056 /* BreakoutDetailsViewController.xib in Resources */ = {isa = PBXBuildFile; fileRef = B0031CF61ACBB1D8008C1056 /* BreakoutDetailsViewController.xib */; };
		B0031CFC1ACBCE0F008C1056 /* TimelineTableViewCell.m in Sources */ = {isa = PBXBuildFile; fileRef = B0031CFA1ACBCE0F008C1056 /* TimelineTableViewCell.m */; };
		B0031CFD1ACBCE0F008C1056 /* TimelineTableViewCell.xib in Resources */ = {isa = PBXBuildFile; fileRef = B0031CFB1ACBCE0F008C1056 /* TimelineTableViewCell.xib */; };
		B0031CFF1ACC0865008C1056 /* checkScrollView.xib in Resources */ = {isa = PBXBuildFile; fileRef = B0031CFE1ACC0865008C1056 /* checkScrollView.xib */; };
		B06497E31AC15D4100945B45 /* main.m in Sources */ = {isa = PBXBuildFile; fileRef = B06497E21AC15D4100945B45 /* main.m */; };
		B06497E61AC15D4100945B45 /* AppDelegate.m in Sources */ = {isa = PBXBuildFile; fileRef = B06497E51AC15D4100945B45 /* AppDelegate.m */; };
		B06497E91AC15D4100945B45 /* TechSymposium.xcdatamodeld in Sources */ = {isa = PBXBuildFile; fileRef = B06497E71AC15D4100945B45 /* TechSymposium.xcdatamodeld */; };
		B06497F11AC15D4100945B45 /* Images.xcassets in Resources */ = {isa = PBXBuildFile; fileRef = B06497F01AC15D4100945B45 /* Images.xcassets */; };
		B06497F41AC15D4100945B45 /* LaunchScreen.xib in Resources */ = {isa = PBXBuildFile; fileRef = B06497F21AC15D4100945B45 /* LaunchScreen.xib */; };
		B06498001AC15D4100945B45 /* TechSymposiumTests.m in Sources */ = {isa = PBXBuildFile; fileRef = B06497FF1AC15D4100945B45 /* TechSymposiumTests.m */; };
		B06498101AC1787F00945B45 /* SpeakerViewController.m in Sources */ = {isa = PBXBuildFile; fileRef = B064980E1AC1787F00945B45 /* SpeakerViewController.m */; };
		B06498111AC1787F00945B45 /* SpeakerViewController.xib in Resources */ = {isa = PBXBuildFile; fileRef = B064980F1AC1787F00945B45 /* SpeakerViewController.xib */; };
		B06498181AC17DBA00945B45 /* Speaker_created.json in Resources */ = {isa = PBXBuildFile; fileRef = B06498171AC17DBA00945B45 /* Speaker_created.json */; };
		B06498211AC273EE00945B45 /* SpeakerTableViewCell.m in Sources */ = {isa = PBXBuildFile; fileRef = B064981F1AC273EE00945B45 /* SpeakerTableViewCell.m */; };
		B06498221AC273EE00945B45 /* SpeakerTableViewCell.xib in Resources */ = {isa = PBXBuildFile; fileRef = B06498201AC273EE00945B45 /* SpeakerTableViewCell.xib */; };
		B06498261AC2B14F00945B45 /* SpeakerModel.m in Sources */ = {isa = PBXBuildFile; fileRef = B06498251AC2B14F00945B45 /* SpeakerModel.m */; };
		B064982B1AC5276D00945B45 /* SpeakerDAO.m in Sources */ = {isa = PBXBuildFile; fileRef = B064982A1AC5276D00945B45 /* SpeakerDAO.m */; };
		B064982F1AC5477F00945B45 /* Speaker.json in Resources */ = {isa = PBXBuildFile; fileRef = B064982E1AC5477F00945B45 /* Speaker.json */; };
		B06498331AC5486300945B45 /* SpeakerDetailsViewController.m in Sources */ = {isa = PBXBuildFile; fileRef = B06498311AC5486300945B45 /* SpeakerDetailsViewController.m */; };
		B06498341AC5486300945B45 /* SpeakerDetailsViewController.xib in Resources */ = {isa = PBXBuildFile; fileRef = B06498321AC5486300945B45 /* SpeakerDetailsViewController.xib */; };
		B0A102051AC923BD00239D48 /* Lato-Regular.eot in Resources */ = {isa = PBXBuildFile; fileRef = B0A102011AC923BD00239D48 /* Lato-Regular.eot */; };
		B0A102061AC923BD00239D48 /* Lato-Regular.svg in Resources */ = {isa = PBXBuildFile; fileRef = B0A102021AC923BD00239D48 /* Lato-Regular.svg */; };
		B0A102071AC923BD00239D48 /* Lato-Regular.ttf in Resources */ = {isa = PBXBuildFile; fileRef = B0A102031AC923BD00239D48 /* Lato-Regular.ttf */; };
		B0A102081AC923BD00239D48 /* Lato-Regular.woff in Resources */ = {isa = PBXBuildFile; fileRef = B0A102041AC923BD00239D48 /* Lato-Regular.woff */; };
		B0A1020B1AC92B3800239D48 /* back-50x50.png in Resources */ = {isa = PBXBuildFile; fileRef = B0A1020A1AC92B3800239D48 /* back-50x50.png */; };
		B0A1020D1AC94BCF00239D48 /* menu-background.png in Resources */ = {isa = PBXBuildFile; fileRef = B0A1020C1AC94BCF00239D48 /* menu-background.png */; };
/* End PBXBuildFile section */

/* Begin PBXContainerItemProxy section */
		B06497FA1AC15D4100945B45 /* PBXContainerItemProxy */ = {
			isa = PBXContainerItemProxy;
			containerPortal = B06497D51AC15D4100945B45 /* Project object */;
			proxyType = 1;
			remoteGlobalIDString = B06497DC1AC15D4100945B45;
			remoteInfo = TechSymposium;
		};
/* End PBXContainerItemProxy section */

/* Begin PBXFileReference section */
		B0031C571ACA6B4D008C1056 /* AttendeesViewController.h */ = {isa = PBXFileReference; fileEncoding = 4; lastKnownFileType = sourcecode.c.h; path = AttendeesViewController.h; sourceTree = "<group>"; };
		B0031C581ACA6B4D008C1056 /* AttendeesViewController.m */ = {isa = PBXFileReference; fileEncoding = 4; lastKnownFileType = sourcecode.c.objc; path = AttendeesViewController.m; sourceTree = "<group>"; };
		B0031C591ACA6B4D008C1056 /* AttendeesViewController.xib */ = {isa = PBXFileReference; fileEncoding = 4; lastKnownFileType = file.xib; path = AttendeesViewController.xib; sourceTree = "<group>"; };
		B0031C5C1ACA7869008C1056 /* Attendee.json */ = {isa = PBXFileReference; fileEncoding = 4; lastKnownFileType = text.json; path = Attendee.json; sourceTree = "<group>"; };
		B0031C5E1ACA7A0F008C1056 /* AttendeeModel.h */ = {isa = PBXFileReference; fileEncoding = 4; lastKnownFileType = sourcecode.c.h; name = AttendeeModel.h; path = TechSymposium/AttendeeModel.h; sourceTree = "<group>"; };
		B0031C5F1ACA7A0F008C1056 /* AttendeeModel.m */ = {isa = PBXFileReference; fileEncoding = 4; lastKnownFileType = sourcecode.c.objc; name = AttendeeModel.m; path = TechSymposium/AttendeeModel.m; sourceTree = "<group>"; };
		B0031C611ACA9101008C1056 /* AttendeeDAO.h */ = {isa = PBXFileReference; fileEncoding = 4; lastKnownFileType = sourcecode.c.h; path = AttendeeDAO.h; sourceTree = "<group>"; };
		B0031C621ACA9101008C1056 /* AttendeeDAO.m */ = {isa = PBXFileReference; fileEncoding = 4; lastKnownFileType = sourcecode.c.objc; path = AttendeeDAO.m; sourceTree = "<group>"; };
		B0031C641ACA96AF008C1056 /* AttendeeTableViewCell.h */ = {isa = PBXFileReference; fileEncoding = 4; lastKnownFileType = sourcecode.c.h; path = AttendeeTableViewCell.h; sourceTree = "<group>"; };
		B0031C651ACA96AF008C1056 /* AttendeeTableViewCell.m */ = {isa = PBXFileReference; fileEncoding = 4; lastKnownFileType = sourcecode.c.objc; path = AttendeeTableViewCell.m; sourceTree = "<group>"; };
		B0031C661ACA96AF008C1056 /* AttendeeTableViewCell.xib */ = {isa = PBXFileReference; fileEncoding = 4; lastKnownFileType = file.xib; path = AttendeeTableViewCell.xib; sourceTree = "<group>"; };
		B0031C6A1ACA98DB008C1056 /* mail.png */ = {isa = PBXFileReference; lastKnownFileType = image.png; path = mail.png; sourceTree = "<group>"; };
		B0031CDA1ACADB1B008C1056 /* BreakoutsViewController.h */ = {isa = PBXFileReference; fileEncoding = 4; lastKnownFileType = sourcecode.c.h; path = BreakoutsViewController.h; sourceTree = "<group>"; };
		B0031CDB1ACADB1B008C1056 /* BreakoutsViewController.m */ = {isa = PBXFileReference; fileEncoding = 4; lastKnownFileType = sourcecode.c.objc; path = BreakoutsViewController.m; sourceTree = "<group>"; };
		B0031CDC1ACADB1B008C1056 /* BreakoutsViewController.xib */ = {isa = PBXFileReference; fileEncoding = 4; lastKnownFileType = file.xib; path = BreakoutsViewController.xib; sourceTree = "<group>"; };
		B0031CDF1ACADCE3008C1056 /* Breakout.json */ = {isa = PBXFileReference; fileEncoding = 4; lastKnownFileType = text.json; path = Breakout.json; sourceTree = "<group>"; };
		B0031CE11ACADD1F008C1056 /* BreakoutTableViewCell.h */ = {isa = PBXFileReference; fileEncoding = 4; lastKnownFileType = sourcecode.c.h; path = BreakoutTableViewCell.h; sourceTree = "<group>"; };
		B0031CE21ACADD1F008C1056 /* BreakoutTableViewCell.m */ = {isa = PBXFileReference; fileEncoding = 4; lastKnownFileType = sourcecode.c.objc; path = BreakoutTableViewCell.m; sourceTree = "<group>"; };
		B0031CE31ACADD1F008C1056 /* BreakoutTableViewCell.xib */ = {isa = PBXFileReference; fileEncoding = 4; lastKnownFileType = file.xib; path = BreakoutTableViewCell.xib; sourceTree = "<group>"; };
		B0031CE71ACAEA63008C1056 /* hexagon.png */ = {isa = PBXFileReference; lastKnownFileType = image.png; path = hexagon.png; sourceTree = "<group>"; };
		B0031CE91ACAED94008C1056 /* BreakoutModel.h */ = {isa = PBXFileReference; fileEncoding = 4; lastKnownFileType = sourcecode.c.h; path = BreakoutModel.h; sourceTree = "<group>"; };
		B0031CEA1ACAED94008C1056 /* BreakoutModel.m */ = {isa = PBXFileReference; fileEncoding = 4; lastKnownFileType = sourcecode.c.objc; path = BreakoutModel.m; sourceTree = "<group>"; };
		B0031CEC1ACAEDA0008C1056 /* BreakoutDAO.h */ = {isa = PBXFileReference; fileEncoding = 4; lastKnownFileType = sourcecode.c.h; path = BreakoutDAO.h; sourceTree = "<group>"; };
		B0031CED1ACAEDA0008C1056 /* BreakoutDAO.m */ = {isa = PBXFileReference; fileEncoding = 4; lastKnownFileType = sourcecode.c.objc; path = BreakoutDAO.m; sourceTree = "<group>"; };
		B0031CF01ACAFC1D008C1056 /* DateModel.h */ = {isa = PBXFileReference; fileEncoding = 4; lastKnownFileType = sourcecode.c.h; path = DateModel.h; sourceTree = "<group>"; };
		B0031CF11ACAFC1E008C1056 /* DateModel.m */ = {isa = PBXFileReference; fileEncoding = 4; lastKnownFileType = sourcecode.c.objc; path = DateModel.m; sourceTree = "<group>"; };
		B0031CF41ACBB1D8008C1056 /* BreakoutDetailsViewController.h */ = {isa = PBXFileReference; fileEncoding = 4; lastKnownFileType = sourcecode.c.h; path = BreakoutDetailsViewController.h; sourceTree = "<group>"; };
		B0031CF51ACBB1D8008C1056 /* BreakoutDetailsViewController.m */ = {isa = PBXFileReference; fileEncoding = 4; lastKnownFileType = sourcecode.c.objc; path = BreakoutDetailsViewController.m; sourceTree = "<group>"; };
		B0031CF61ACBB1D8008C1056 /* BreakoutDetailsViewController.xib */ = {isa = PBXFileReference; fileEncoding = 4; lastKnownFileType = file.xib; path = BreakoutDetailsViewController.xib; sourceTree = "<group>"; };
		B0031CF91ACBCE0F008C1056 /* TimelineTableViewCell.h */ = {isa = PBXFileReference; fileEncoding = 4; lastKnownFileType = sourcecode.c.h; path = TimelineTableViewCell.h; sourceTree = "<group>"; };
		B0031CFA1ACBCE0F008C1056 /* TimelineTableViewCell.m */ = {isa = PBXFileReference; fileEncoding = 4; lastKnownFileType = sourcecode.c.objc; path = TimelineTableViewCell.m; sourceTree = "<group>"; };
		B0031CFB1ACBCE0F008C1056 /* TimelineTableViewCell.xib */ = {isa = PBXFileReference; fileEncoding = 4; lastKnownFileType = file.xib; path = TimelineTableViewCell.xib; sourceTree = "<group>"; };
		B0031CFE1ACC0865008C1056 /* checkScrollView.xib */ = {isa = PBXFileReference; fileEncoding = 4; lastKnownFileType = file.xib; path = checkScrollView.xib; sourceTree = "<group>"; };
		B06497DD1AC15D4100945B45 /* TechSymposium.app */ = {isa = PBXFileReference; explicitFileType = wrapper.application; includeInIndex = 0; path = TechSymposium.app; sourceTree = BUILT_PRODUCTS_DIR; };
		B06497E11AC15D4100945B45 /* Info.plist */ = {isa = PBXFileReference; lastKnownFileType = text.plist.xml; path = Info.plist; sourceTree = "<group>"; };
		B06497E21AC15D4100945B45 /* main.m */ = {isa = PBXFileReference; lastKnownFileType = sourcecode.c.objc; path = main.m; sourceTree = "<group>"; };
		B06497E41AC15D4100945B45 /* AppDelegate.h */ = {isa = PBXFileReference; lastKnownFileType = sourcecode.c.h; path = AppDelegate.h; sourceTree = "<group>"; };
		B06497E51AC15D4100945B45 /* AppDelegate.m */ = {isa = PBXFileReference; lastKnownFileType = sourcecode.c.objc; path = AppDelegate.m; sourceTree = "<group>"; };
		B06497E81AC15D4100945B45 /* TechSymposium.xcdatamodel */ = {isa = PBXFileReference; lastKnownFileType = wrapper.xcdatamodel; path = TechSymposium.xcdatamodel; sourceTree = "<group>"; };
		B06497F01AC15D4100945B45 /* Images.xcassets */ = {isa = PBXFileReference; lastKnownFileType = folder.assetcatalog; path = Images.xcassets; sourceTree = "<group>"; };
		B06497F31AC15D4100945B45 /* Base */ = {isa = PBXFileReference; lastKnownFileType = file.xib; name = Base; path = Base.lproj/LaunchScreen.xib; sourceTree = "<group>"; };
		B06497F91AC15D4100945B45 /* TechSymposiumTests.xctest */ = {isa = PBXFileReference; explicitFileType = wrapper.cfbundle; includeInIndex = 0; path = TechSymposiumTests.xctest; sourceTree = BUILT_PRODUCTS_DIR; };
		B06497FE1AC15D4100945B45 /* Info.plist */ = {isa = PBXFileReference; lastKnownFileType = text.plist.xml; path = Info.plist; sourceTree = "<group>"; };
		B06497FF1AC15D4100945B45 /* TechSymposiumTests.m */ = {isa = PBXFileReference; lastKnownFileType = sourcecode.c.objc; path = TechSymposiumTests.m; sourceTree = "<group>"; };
		B064980D1AC1787F00945B45 /* SpeakerViewController.h */ = {isa = PBXFileReference; fileEncoding = 4; lastKnownFileType = sourcecode.c.h; path = SpeakerViewController.h; sourceTree = "<group>"; };
		B064980E1AC1787F00945B45 /* SpeakerViewController.m */ = {isa = PBXFileReference; fileEncoding = 4; lastKnownFileType = sourcecode.c.objc; path = SpeakerViewController.m; sourceTree = "<group>"; };
		B064980F1AC1787F00945B45 /* SpeakerViewController.xib */ = {isa = PBXFileReference; fileEncoding = 4; lastKnownFileType = file.xib; path = SpeakerViewController.xib; sourceTree = "<group>"; };
		B06498171AC17DBA00945B45 /* Speaker_created.json */ = {isa = PBXFileReference; fileEncoding = 4; lastKnownFileType = text.json; path = Speaker_created.json; sourceTree = "<group>"; };
		B064981E1AC273EE00945B45 /* SpeakerTableViewCell.h */ = {isa = PBXFileReference; fileEncoding = 4; lastKnownFileType = sourcecode.c.h; path = SpeakerTableViewCell.h; sourceTree = "<group>"; };
		B064981F1AC273EE00945B45 /* SpeakerTableViewCell.m */ = {isa = PBXFileReference; fileEncoding = 4; lastKnownFileType = sourcecode.c.objc; path = SpeakerTableViewCell.m; sourceTree = "<group>"; };
		B06498201AC273EE00945B45 /* SpeakerTableViewCell.xib */ = {isa = PBXFileReference; fileEncoding = 4; lastKnownFileType = file.xib; path = SpeakerTableViewCell.xib; sourceTree = "<group>"; };
		B06498241AC2B14F00945B45 /* SpeakerModel.h */ = {isa = PBXFileReference; fileEncoding = 4; lastKnownFileType = sourcecode.c.h; path = SpeakerModel.h; sourceTree = "<group>"; };
		B06498251AC2B14F00945B45 /* SpeakerModel.m */ = {isa = PBXFileReference; fileEncoding = 4; lastKnownFileType = sourcecode.c.objc; path = SpeakerModel.m; sourceTree = "<group>"; };
		B06498291AC5276D00945B45 /* SpeakerDAO.h */ = {isa = PBXFileReference; fileEncoding = 4; lastKnownFileType = sourcecode.c.h; path = SpeakerDAO.h; sourceTree = "<group>"; };
		B064982A1AC5276D00945B45 /* SpeakerDAO.m */ = {isa = PBXFileReference; fileEncoding = 4; lastKnownFileType = sourcecode.c.objc; path = SpeakerDAO.m; sourceTree = "<group>"; };
		B064982E1AC5477F00945B45 /* Speaker.json */ = {isa = PBXFileReference; fileEncoding = 4; lastKnownFileType = text.json; path = Speaker.json; sourceTree = "<group>"; };
		B06498301AC5486300945B45 /* SpeakerDetailsViewController.h */ = {isa = PBXFileReference; fileEncoding = 4; lastKnownFileType = sourcecode.c.h; path = SpeakerDetailsViewController.h; sourceTree = "<group>"; };
		B06498311AC5486300945B45 /* SpeakerDetailsViewController.m */ = {isa = PBXFileReference; fileEncoding = 4; lastKnownFileType = sourcecode.c.objc; path = SpeakerDetailsViewController.m; sourceTree = "<group>"; };
		B06498321AC5486300945B45 /* SpeakerDetailsViewController.xib */ = {isa = PBXFileReference; fileEncoding = 4; lastKnownFileType = file.xib; path = SpeakerDetailsViewController.xib; sourceTree = "<group>"; };
		B0A102011AC923BD00239D48 /* Lato-Regular.eot */ = {isa = PBXFileReference; lastKnownFileType = file; path = "Lato-Regular.eot"; sourceTree = "<group>"; };
		B0A102021AC923BD00239D48 /* Lato-Regular.svg */ = {isa = PBXFileReference; fileEncoding = 4; lastKnownFileType = text.xml; path = "Lato-Regular.svg"; sourceTree = "<group>"; };
		B0A102031AC923BD00239D48 /* Lato-Regular.ttf */ = {isa = PBXFileReference; lastKnownFileType = file; path = "Lato-Regular.ttf"; sourceTree = "<group>"; };
		B0A102041AC923BD00239D48 /* Lato-Regular.woff */ = {isa = PBXFileReference; lastKnownFileType = file; path = "Lato-Regular.woff"; sourceTree = "<group>"; };
		B0A1020A1AC92B3800239D48 /* back-50x50.png */ = {isa = PBXFileReference; lastKnownFileType = image.png; path = "back-50x50.png"; sourceTree = "<group>"; };
		B0A1020C1AC94BCF00239D48 /* menu-background.png */ = {isa = PBXFileReference; lastKnownFileType = image.png; path = "menu-background.png"; sourceTree = "<group>"; };
/* End PBXFileReference section */

/* Begin PBXFrameworksBuildPhase section */
		B06497DA1AC15D4100945B45 /* Frameworks */ = {
			isa = PBXFrameworksBuildPhase;
			buildActionMask = 2147483647;
			files = (
			);
			runOnlyForDeploymentPostprocessing = 0;
		};
		B06497F61AC15D4100945B45 /* Frameworks */ = {
			isa = PBXFrameworksBuildPhase;
			buildActionMask = 2147483647;
			files = (
			);
			runOnlyForDeploymentPostprocessing = 0;
		};
/* End PBXFrameworksBuildPhase section */

/* Begin PBXGroup section */
		B0031C561ACA6B23008C1056 /* Attendees */ = {
			isa = PBXGroup;
			children = (
				B0031C571ACA6B4D008C1056 /* AttendeesViewController.h */,
				B0031C581ACA6B4D008C1056 /* AttendeesViewController.m */,
				B0031C591ACA6B4D008C1056 /* AttendeesViewController.xib */,
				B0031C5C1ACA7869008C1056 /* Attendee.json */,
				B0031C5E1ACA7A0F008C1056 /* AttendeeModel.h */,
				B0031C5F1ACA7A0F008C1056 /* AttendeeModel.m */,
				B0031C611ACA9101008C1056 /* AttendeeDAO.h */,
				B0031C621ACA9101008C1056 /* AttendeeDAO.m */,
				B0031C641ACA96AF008C1056 /* AttendeeTableViewCell.h */,
				B0031C651ACA96AF008C1056 /* AttendeeTableViewCell.m */,
				B0031C661ACA96AF008C1056 /* AttendeeTableViewCell.xib */,
			);
			name = Attendees;
			sourceTree = "<group>";
		};
		B0031C6C1ACAB91A008C1056 /* Breakouts */ = {
			isa = PBXGroup;
			children = (
				B0031CDA1ACADB1B008C1056 /* BreakoutsViewController.h */,
				B0031CDB1ACADB1B008C1056 /* BreakoutsViewController.m */,
				B0031CDC1ACADB1B008C1056 /* BreakoutsViewController.xib */,
				B0031CDF1ACADCE3008C1056 /* Breakout.json */,
				B0031CE11ACADD1F008C1056 /* BreakoutTableViewCell.h */,
				B0031CE21ACADD1F008C1056 /* BreakoutTableViewCell.m */,
				B0031CE31ACADD1F008C1056 /* BreakoutTableViewCell.xib */,
				B0031CE91ACAED94008C1056 /* BreakoutModel.h */,
				B0031CEA1ACAED94008C1056 /* BreakoutModel.m */,
				B0031CEC1ACAEDA0008C1056 /* BreakoutDAO.h */,
				B0031CED1ACAEDA0008C1056 /* BreakoutDAO.m */,
				B0031CF41ACBB1D8008C1056 /* BreakoutDetailsViewController.h */,
				B0031CF51ACBB1D8008C1056 /* BreakoutDetailsViewController.m */,
				B0031CF61ACBB1D8008C1056 /* BreakoutDetailsViewController.xib */,
				B0031CF91ACBCE0F008C1056 /* TimelineTableViewCell.h */,
				B0031CFA1ACBCE0F008C1056 /* TimelineTableViewCell.m */,
				B0031CFB1ACBCE0F008C1056 /* TimelineTableViewCell.xib */,
				B0031CFE1ACC0865008C1056 /* checkScrollView.xib */,
			);
			name = Breakouts;
			sourceTree = "<group>";
		};
		B0031CEF1ACAFC07008C1056 /* utility */ = {
			isa = PBXGroup;
			children = (
				B0031CF01ACAFC1D008C1056 /* DateModel.h */,
				B0031CF11ACAFC1E008C1056 /* DateModel.m */,
			);
			name = utility;
			sourceTree = "<group>";
		};
		B06497D41AC15D4100945B45 = {
			isa = PBXGroup;
			children = (
				B0A102091AC923C400239D48 /* fonts */,
				B06498A21AC8E87C00945B45 /* image */,
				B06498271AC51C3A00945B45 /* view */,
				B06497DF1AC15D4100945B45 /* TechSymposium */,
				B06497FC1AC15D4100945B45 /* TechSymposiumTests */,
				B06497DE1AC15D4100945B45 /* Products */,
			);
			sourceTree = "<group>";
		};
		B06497DE1AC15D4100945B45 /* Products */ = {
			isa = PBXGroup;
			children = (
				B06497DD1AC15D4100945B45 /* TechSymposium.app */,
				B06497F91AC15D4100945B45 /* TechSymposiumTests.xctest */,
			);
			name = Products;
			sourceTree = "<group>";
		};
		B06497DF1AC15D4100945B45 /* TechSymposium */ = {
			isa = PBXGroup;
			children = (
				B06497E41AC15D4100945B45 /* AppDelegate.h */,
				B06497E51AC15D4100945B45 /* AppDelegate.m */,
				B06497F01AC15D4100945B45 /* Images.xcassets */,
				B06497F21AC15D4100945B45 /* LaunchScreen.xib */,
				B06497E71AC15D4100945B45 /* TechSymposium.xcdatamodeld */,
				B06497E01AC15D4100945B45 /* Supporting Files */,
			);
			path = TechSymposium;
			sourceTree = "<group>";
		};
		B06497E01AC15D4100945B45 /* Supporting Files */ = {
			isa = PBXGroup;
			children = (
				B06497E11AC15D4100945B45 /* Info.plist */,
				B06497E21AC15D4100945B45 /* main.m */,
			);
			name = "Supporting Files";
			sourceTree = "<group>";
		};
		B06497FC1AC15D4100945B45 /* TechSymposiumTests */ = {
			isa = PBXGroup;
			children = (
				B06497FF1AC15D4100945B45 /* TechSymposiumTests.m */,
				B06497FD1AC15D4100945B45 /* Supporting Files */,
			);
			path = TechSymposiumTests;
			sourceTree = "<group>";
		};
		B06497FD1AC15D4100945B45 /* Supporting Files */ = {
			isa = PBXGroup;
			children = (
				B06497FE1AC15D4100945B45 /* Info.plist */,
			);
			name = "Supporting Files";
			sourceTree = "<group>";
		};
		B06498151AC17A9800945B45 /* Speaker */ = {
			isa = PBXGroup;
			children = (
				B064982E1AC5477F00945B45 /* Speaker.json */,
				B06498171AC17DBA00945B45 /* Speaker_created.json */,
				B064980D1AC1787F00945B45 /* SpeakerViewController.h */,
				B064980E1AC1787F00945B45 /* SpeakerViewController.m */,
				B064980F1AC1787F00945B45 /* SpeakerViewController.xib */,
				B064981E1AC273EE00945B45 /* SpeakerTableViewCell.h */,
				B064981F1AC273EE00945B45 /* SpeakerTableViewCell.m */,
				B06498201AC273EE00945B45 /* SpeakerTableViewCell.xib */,
				B06498241AC2B14F00945B45 /* SpeakerModel.h */,
				B06498251AC2B14F00945B45 /* SpeakerModel.m */,
				B06498291AC5276D00945B45 /* SpeakerDAO.h */,
				B064982A1AC5276D00945B45 /* SpeakerDAO.m */,
				B06498301AC5486300945B45 /* SpeakerDetailsViewController.h */,
				B06498311AC5486300945B45 /* SpeakerDetailsViewController.m */,
				B06498321AC5486300945B45 /* SpeakerDetailsViewController.xib */,
			);
			name = Speaker;
			sourceTree = "<group>";
		};
		B06498271AC51C3A00945B45 /* view */ = {
			isa = PBXGroup;
			children = (
				B0031CEF1ACAFC07008C1056 /* utility */,
				B0031C6C1ACAB91A008C1056 /* Breakouts */,
				B0031C561ACA6B23008C1056 /* Attendees */,
				B06498151AC17A9800945B45 /* Speaker */,
			);
			name = view;
			sourceTree = "<group>";
		};
		B06498A21AC8E87C00945B45 /* image */ = {
			isa = PBXGroup;
			children = (
				B0031CE71ACAEA63008C1056 /* hexagon.png */,
				B0031C6A1ACA98DB008C1056 /* mail.png */,
				B0A1020C1AC94BCF00239D48 /* menu-background.png */,
				B0A1020A1AC92B3800239D48 /* back-50x50.png */,
			);
			name = image;
			sourceTree = "<group>";
		};
		B0A102091AC923C400239D48 /* fonts */ = {
			isa = PBXGroup;
			children = (
				B0A102011AC923BD00239D48 /* Lato-Regular.eot */,
				B0A102021AC923BD00239D48 /* Lato-Regular.svg */,
				B0A102031AC923BD00239D48 /* Lato-Regular.ttf */,
				B0A102041AC923BD00239D48 /* Lato-Regular.woff */,
			);
			name = fonts;
			sourceTree = "<group>";
		};
/* End PBXGroup section */

/* Begin PBXNativeTarget section */
		B06497DC1AC15D4100945B45 /* TechSymposium */ = {
			isa = PBXNativeTarget;
			buildConfigurationList = B06498031AC15D4100945B45 /* Build configuration list for PBXNativeTarget "TechSymposium" */;
			buildPhases = (
				B06497D91AC15D4100945B45 /* Sources */,
				B06497DA1AC15D4100945B45 /* Frameworks */,
				B06497DB1AC15D4100945B45 /* Resources */,
			);
			buildRules = (
			);
			dependencies = (
			);
			name = TechSymposium;
			productName = TechSymposium;
			productReference = B06497DD1AC15D4100945B45 /* TechSymposium.app */;
			productType = "com.apple.product-type.application";
		};
		B06497F81AC15D4100945B45 /* TechSymposiumTests */ = {
			isa = PBXNativeTarget;
			buildConfigurationList = B06498061AC15D4100945B45 /* Build configuration list for PBXNativeTarget "TechSymposiumTests" */;
			buildPhases = (
				B06497F51AC15D4100945B45 /* Sources */,
				B06497F61AC15D4100945B45 /* Frameworks */,
				B06497F71AC15D4100945B45 /* Resources */,
			);
			buildRules = (
			);
			dependencies = (
				B06497FB1AC15D4100945B45 /* PBXTargetDependency */,
			);
			name = TechSymposiumTests;
			productName = TechSymposiumTests;
			productReference = B06497F91AC15D4100945B45 /* TechSymposiumTests.xctest */;
			productType = "com.apple.product-type.bundle.unit-test";
		};
/* End PBXNativeTarget section */

/* Begin PBXProject section */
		B06497D51AC15D4100945B45 /* Project object */ = {
			isa = PBXProject;
			attributes = {
				LastUpgradeCheck = 0610;
				ORGANIZATIONNAME = MCOE;
				TargetAttributes = {
					B06497DC1AC15D4100945B45 = {
						CreatedOnToolsVersion = 6.1;
					};
					B06497F81AC15D4100945B45 = {
						CreatedOnToolsVersion = 6.1;
						TestTargetID = B06497DC1AC15D4100945B45;
					};
				};
			};
			buildConfigurationList = B06497D81AC15D4100945B45 /* Build configuration list for PBXProject "TechSymposium" */;
			compatibilityVersion = "Xcode 3.2";
			developmentRegion = English;
			hasScannedForEncodings = 0;
			knownRegions = (
				en,
				Base,
			);
			mainGroup = B06497D41AC15D4100945B45;
			productRefGroup = B06497DE1AC15D4100945B45 /* Products */;
			projectDirPath = "";
			projectRoot = "";
			targets = (
				B06497DC1AC15D4100945B45 /* TechSymposium */,
				B06497F81AC15D4100945B45 /* TechSymposiumTests */,
			);
		};
/* End PBXProject section */

/* Begin PBXResourcesBuildPhase section */
		B06497DB1AC15D4100945B45 /* Resources */ = {
			isa = PBXResourcesBuildPhase;
			buildActionMask = 2147483647;
			files = (
				B0A102081AC923BD00239D48 /* Lato-Regular.woff in Resources */,
				B06498111AC1787F00945B45 /* SpeakerViewController.xib in Resources */,
				B06498221AC273EE00945B45 /* SpeakerTableViewCell.xib in Resources */,
				B06498181AC17DBA00945B45 /* Speaker_created.json in Resources */,
				B0A102051AC923BD00239D48 /* Lato-Regular.eot in Resources */,
				B06498341AC5486300945B45 /* SpeakerDetailsViewController.xib in Resources */,
				B0031CE51ACADD20008C1056 /* BreakoutTableViewCell.xib in Resources */,
				B0031C6B1ACA98DB008C1056 /* mail.png in Resources */,
				B0031CF81ACBB1D8008C1056 /* BreakoutDetailsViewController.xib in Resources */,
				B064982F1AC5477F00945B45 /* Speaker.json in Resources */,
				B0031C681ACA96AF008C1056 /* AttendeeTableViewCell.xib in Resources */,
				B06497F41AC15D4100945B45 /* LaunchScreen.xib in Resources */,
				B0031CFF1ACC0865008C1056 /* checkScrollView.xib in Resources */,
				B0031C5D1ACA7869008C1056 /* Attendee.json in Resources */,
				B0031CDE1ACADB1B008C1056 /* BreakoutsViewController.xib in Resources */,
				B06497F11AC15D4100945B45 /* Images.xcassets in Resources */,
				B0A1020B1AC92B3800239D48 /* back-50x50.png in Resources */,
				B0031CE81ACAEA63008C1056 /* hexagon.png in Resources */,
				B0031CFD1ACBCE0F008C1056 /* TimelineTableViewCell.xib in Resources */,
				B0031C5B1ACA6B4D008C1056 /* AttendeesViewController.xib in Resources */,
				B0A1020D1AC94BCF00239D48 /* menu-background.png in Resources */,
				B0A102061AC923BD00239D48 /* Lato-Regular.svg in Resources */,
				B0A102071AC923BD00239D48 /* Lato-Regular.ttf in Resources */,
				B0031CE01ACADCE3008C1056 /* Breakout.json in Resources */,
			);
			runOnlyForDeploymentPostprocessing = 0;
		};
		B06497F71AC15D4100945B45 /* Resources */ = {
			isa = PBXResourcesBuildPhase;
			buildActionMask = 2147483647;
			files = (
			);
			runOnlyForDeploymentPostprocessing = 0;
		};
/* End PBXResourcesBuildPhase section */

/* Begin PBXSourcesBuildPhase section */
		B06497D91AC15D4100945B45 /* Sources */ = {
			isa = PBXSourcesBuildPhase;
			buildActionMask = 2147483647;
			files = (
				B06498211AC273EE00945B45 /* SpeakerTableViewCell.m in Sources */,
				B0031CF21ACAFC1E008C1056 /* DateModel.m in Sources */,
				B06498331AC5486300945B45 /* SpeakerDetailsViewController.m in Sources */,
				B0031C5A1ACA6B4D008C1056 /* AttendeesViewController.m in Sources */,
				B0031CDD1ACADB1B008C1056 /* BreakoutsViewController.m in Sources */,
				B0031C671ACA96AF008C1056 /* AttendeeTableViewCell.m in Sources */,
				B0031C601ACA7A0F008C1056 /* AttendeeModel.m in Sources */,
				B0031C631ACA9101008C1056 /* AttendeeDAO.m in Sources */,
				B064982B1AC5276D00945B45 /* SpeakerDAO.m in Sources */,
				B0031CE41ACADD1F008C1056 /* BreakoutTableViewCell.m in Sources */,
				B0031CEE1ACAEDA0008C1056 /* BreakoutDAO.m in Sources */,
				B0031CFC1ACBCE0F008C1056 /* TimelineTableViewCell.m in Sources */,
				B06497E91AC15D4100945B45 /* TechSymposium.xcdatamodeld in Sources */,
				B0031CF71ACBB1D8008C1056 /* BreakoutDetailsViewController.m in Sources */,
				B06498101AC1787F00945B45 /* SpeakerViewController.m in Sources */,
				B06497E61AC15D4100945B45 /* AppDelegate.m in Sources */,
				B0031CEB1ACAED94008C1056 /* BreakoutModel.m in Sources */,
				B06498261AC2B14F00945B45 /* SpeakerModel.m in Sources */,
				B06497E31AC15D4100945B45 /* main.m in Sources */,
			);
			runOnlyForDeploymentPostprocessing = 0;
		};
		B06497F51AC15D4100945B45 /* Sources */ = {
			isa = PBXSourcesBuildPhase;
			buildActionMask = 2147483647;
			files = (
				B06498001AC15D4100945B45 /* TechSymposiumTests.m in Sources */,
			);
			runOnlyForDeploymentPostprocessing = 0;
		};
/* End PBXSourcesBuildPhase section */

/* Begin PBXTargetDependency section */
		B06497FB1AC15D4100945B45 /* PBXTargetDependency */ = {
			isa = PBXTargetDependency;
			target = B06497DC1AC15D4100945B45 /* TechSymposium */;
			targetProxy = B06497FA1AC15D4100945B45 /* PBXContainerItemProxy */;
		};
/* End PBXTargetDependency section */

/* Begin PBXVariantGroup section */
		B06497F21AC15D4100945B45 /* LaunchScreen.xib */ = {
			isa = PBXVariantGroup;
			children = (
				B06497F31AC15D4100945B45 /* Base */,
			);
			name = LaunchScreen.xib;
			sourceTree = "<group>";
		};
/* End PBXVariantGroup section */

/* Begin XCBuildConfiguration section */
		B06498011AC15D4100945B45 /* Debug */ = {
			isa = XCBuildConfiguration;
			buildSettings = {
				ALWAYS_SEARCH_USER_PATHS = NO;
				CLANG_CXX_LANGUAGE_STANDARD = "gnu++0x";
				CLANG_CXX_LIBRARY = "libc++";
				CLANG_ENABLE_MODULES = YES;
				CLANG_ENABLE_OBJC_ARC = YES;
				CLANG_WARN_BOOL_CONVERSION = YES;
				CLANG_WARN_CONSTANT_CONVERSION = YES;
				CLANG_WARN_DIRECT_OBJC_ISA_USAGE = YES_ERROR;
				CLANG_WARN_EMPTY_BODY = YES;
				CLANG_WARN_ENUM_CONVERSION = YES;
				CLANG_WARN_INT_CONVERSION = YES;
				CLANG_WARN_OBJC_ROOT_CLASS = YES_ERROR;
				CLANG_WARN_UNREACHABLE_CODE = YES;
				CLANG_WARN__DUPLICATE_METHOD_MATCH = YES;
				"CODE_SIGN_IDENTITY[sdk=iphoneos*]" = "iPhone Developer";
				COPY_PHASE_STRIP = NO;
				ENABLE_STRICT_OBJC_MSGSEND = YES;
				GCC_C_LANGUAGE_STANDARD = gnu99;
				GCC_DYNAMIC_NO_PIC = NO;
				GCC_OPTIMIZATION_LEVEL = 0;
				GCC_PREPROCESSOR_DEFINITIONS = (
					"DEBUG=1",
					"$(inherited)",
				);
				GCC_SYMBOLS_PRIVATE_EXTERN = NO;
				GCC_WARN_64_TO_32_BIT_CONVERSION = YES;
				GCC_WARN_ABOUT_RETURN_TYPE = YES_ERROR;
				GCC_WARN_UNDECLARED_SELECTOR = YES;
				GCC_WARN_UNINITIALIZED_AUTOS = YES_AGGRESSIVE;
				GCC_WARN_UNUSED_FUNCTION = YES;
				GCC_WARN_UNUSED_VARIABLE = YES;
				IPHONEOS_DEPLOYMENT_TARGET = 8.1;
				MTL_ENABLE_DEBUG_INFO = YES;
				ONLY_ACTIVE_ARCH = YES;
				SDKROOT = iphoneos;
			};
			name = Debug;
		};
		B06498021AC15D4100945B45 /* Release */ = {
			isa = XCBuildConfiguration;
			buildSettings = {
				ALWAYS_SEARCH_USER_PATHS = NO;
				CLANG_CXX_LANGUAGE_STANDARD = "gnu++0x";
				CLANG_CXX_LIBRARY = "libc++";
				CLANG_ENABLE_MODULES = YES;
				CLANG_ENABLE_OBJC_ARC = YES;
				CLANG_WARN_BOOL_CONVERSION = YES;
				CLANG_WARN_CONSTANT_CONVERSION = YES;
				CLANG_WARN_DIRECT_OBJC_ISA_USAGE = YES_ERROR;
				CLANG_WARN_EMPTY_BODY = YES;
				CLANG_WARN_ENUM_CONVERSION = YES;
				CLANG_WARN_INT_CONVERSION = YES;
				CLANG_WARN_OBJC_ROOT_CLASS = YES_ERROR;
				CLANG_WARN_UNREACHABLE_CODE = YES;
				CLANG_WARN__DUPLICATE_METHOD_MATCH = YES;
				"CODE_SIGN_IDENTITY[sdk=iphoneos*]" = "iPhone Developer";
				COPY_PHASE_STRIP = YES;
				ENABLE_NS_ASSERTIONS = NO;
				ENABLE_STRICT_OBJC_MSGSEND = YES;
				GCC_C_LANGUAGE_STANDARD = gnu99;
				GCC_WARN_64_TO_32_BIT_CONVERSION = YES;
				GCC_WARN_ABOUT_RETURN_TYPE = YES_ERROR;
				GCC_WARN_UNDECLARED_SELECTOR = YES;
				GCC_WARN_UNINITIALIZED_AUTOS = YES_AGGRESSIVE;
				GCC_WARN_UNUSED_FUNCTION = YES;
				GCC_WARN_UNUSED_VARIABLE = YES;
				IPHONEOS_DEPLOYMENT_TARGET = 8.1;
				MTL_ENABLE_DEBUG_INFO = NO;
				SDKROOT = iphoneos;
				VALIDATE_PRODUCT = YES;
			};
			name = Release;
		};
		B06498041AC15D4100945B45 /* Debug */ = {
			isa = XCBuildConfiguration;
			buildSettings = {
				ASSETCATALOG_COMPILER_APPICON_NAME = AppIcon;
				INFOPLIST_FILE = TechSymposium/Info.plist;
				IPHONEOS_DEPLOYMENT_TARGET = 6.0;
				LD_RUNPATH_SEARCH_PATHS = "$(inherited) @executable_path/Frameworks";
				PRODUCT_NAME = "$(TARGET_NAME)";
			};
			name = Debug;
		};
		B06498051AC15D4100945B45 /* Release */ = {
			isa = XCBuildConfiguration;
			buildSettings = {
				ASSETCATALOG_COMPILER_APPICON_NAME = AppIcon;
				INFOPLIST_FILE = TechSymposium/Info.plist;
				IPHONEOS_DEPLOYMENT_TARGET = 6.0;
				LD_RUNPATH_SEARCH_PATHS = "$(inherited) @executable_path/Frameworks";
				PRODUCT_NAME = "$(TARGET_NAME)";
			};
			name = Release;
		};
		B06498071AC15D4100945B45 /* Debug */ = {
			isa = XCBuildConfiguration;
			buildSettings = {
				BUNDLE_LOADER = "$(TEST_HOST)";
				FRAMEWORK_SEARCH_PATHS = (
					"$(SDKROOT)/Developer/Library/Frameworks",
					"$(inherited)",
				);
				GCC_PREPROCESSOR_DEFINITIONS = (
					"DEBUG=1",
					"$(inherited)",
				);
				INFOPLIST_FILE = TechSymposiumTests/Info.plist;
				LD_RUNPATH_SEARCH_PATHS = "$(inherited) @executable_path/Frameworks @loader_path/Frameworks";
				PRODUCT_NAME = "$(TARGET_NAME)";
				TEST_HOST = "$(BUILT_PRODUCTS_DIR)/TechSymposium.app/TechSymposium";
			};
			name = Debug;
		};
		B06498081AC15D4100945B45 /* Release */ = {
			isa = XCBuildConfiguration;
			buildSettings = {
				BUNDLE_LOADER = "$(TEST_HOST)";
				FRAMEWORK_SEARCH_PATHS = (
					"$(SDKROOT)/Developer/Library/Frameworks",
					"$(inherited)",
				);
				INFOPLIST_FILE = TechSymposiumTests/Info.plist;
				LD_RUNPATH_SEARCH_PATHS = "$(inherited) @executable_path/Frameworks @loader_path/Frameworks";
				PRODUCT_NAME = "$(TARGET_NAME)";
				TEST_HOST = "$(BUILT_PRODUCTS_DIR)/TechSymposium.app/TechSymposium";
			};
			name = Release;
		};
/* End XCBuildConfiguration section */

/* Begin XCConfigurationList section */
		B06497D81AC15D4100945B45 /* Build configuration list for PBXProject "TechSymposium" */ = {
			isa = XCConfigurationList;
			buildConfigurations = (
				B06498011AC15D4100945B45 /* Debug */,
				B06498021AC15D4100945B45 /* Release */,
			);
			defaultConfigurationIsVisible = 0;
			defaultConfigurationName = Release;
		};
		B06498031AC15D4100945B45 /* Build configuration list for PBXNativeTarget "TechSymposium" */ = {
			isa = XCConfigurationList;
			buildConfigurations = (
				B06498041AC15D4100945B45 /* Debug */,
				B06498051AC15D4100945B45 /* Release */,
			);
			defaultConfigurationIsVisible = 0;
			defaultConfigurationName = Release;
		};
		B06498061AC15D4100945B45 /* Build configuration list for PBXNativeTarget "TechSymposiumTests" */ = {
			isa = XCConfigurationList;
			buildConfigurations = (
				B06498071AC15D4100945B45 /* Debug */,
				B06498081AC15D4100945B45 /* Release */,
			);
			defaultConfigurationIsVisible = 0;
			defaultConfigurationName = Release;
		};
/* End XCConfigurationList section */

/* Begin XCVersionGroup section */
		B06497E71AC15D4100945B45 /* TechSymposium.xcdatamodeld */ = {
			isa = XCVersionGroup;
			children = (
				B06497E81AC15D4100945B45 /* TechSymposium.xcdatamodel */,
			);
			currentVersion = B06497E81AC15D4100945B45 /* TechSymposium.xcdatamodel */;
			path = TechSymposium.xcdatamodeld;
			sourceTree = "<group>";
			versionGroupType = wrapper.xcdatamodel;
		};
/* End XCVersionGroup section */
	};
	rootObject = B06497D51AC15D4100945B45 /* Project object */;
}
